{
  "name": "pause-until",
  "version": "1.0.2",
  "lockfileVersion": 1,
  "requires": true,
  "dependencies": {
    "nodejs-promise-timeout": {
      "version": "1.0.0",
      "resolved": "https://registry.npmjs.org/nodejs-promise-timeout/-/nodejs-promise-timeout-1.0.0.tgz",
      "integrity": "sha512-0jNfDIPjzZ+nQVBnpINEWvCLxA7aM3l00g/SzgUD9jumSkIE6uUBdvoxpvljJkYmfL06LDmzR6TB3IkHrbCQWA=="
    }
  }
}
